
Microsoft Visual Studio Solution File, Format Version 12.00
# Visual Studio Version 17
VisualStudioVersion = 17.6.33712.159
MinimumVisualStudioVersion = 10.0.40219.1
Project("{9A19103F-16F7-4668-BE54-9A1E7A4F7556}") = "MVSDK", "MVSDK\MVSDK.csproj", "{9A499BA8-8278-46EA-88A0-1742F07D224B}"
EndProject
Project("{2150E333-8FDC-42A3-9474-1A3956D46DE8}") = "Examples", "Examples", "{D21B3C2F-B2EB-4F8F-93FE-C5896E18A226}"
EndProject
Project("{9A19103F-16F7-4668-BE54-9A1E7A4F7556}") = "MVSDK.Abstraction", "MVSDK.Abstraction\MVSDK.Abstraction.csproj", "{8DF55D8A-6696-4CC1-86C5-4F636620AB29}"
EndProject
Global
	GlobalSection(SolutionConfigurationPlatforms) = preSolution
		Debug|Any CPU = Debug|Any CPU
		Release|Any CPU = Release|Any CPU
	EndGlobalSection
	GlobalSection(ProjectConfigurationPlatforms) = postSolution
		{9A499BA8-8278-46EA-88A0-1742F07D224B}.Debug|Any CPU.ActiveCfg = Debug|Any CPU
		{9A499BA8-8278-46EA-88A0-1742F07D224B}.Debug|Any CPU.Build.0 = Debug|Any CPU
		{9A499BA8-8278-46EA-88A0-1742F07D224B}.Release|Any CPU.ActiveCfg = Release|Any CPU
		{9A499BA8-8278-46EA-88A0-1742F07D224B}.Release|Any CPU.Build.0 = Release|Any CPU
		{8DF55D8A-6696-4CC1-86C5-4F636620AB29}.Debug|Any CPU.ActiveCfg = Debug|Any CPU
		{8DF55D8A-6696-4CC1-86C5-4F636620AB29}.Debug|Any CPU.Build.0 = Debug|Any CPU
		{8DF55D8A-6696-4CC1-86C5-4F636620AB29}.Release|Any CPU.ActiveCfg = Release|Any CPU
		{8DF55D8A-6696-4CC1-86C5-4F636620AB29}.Release|Any CPU.Build.0 = Release|Any CPU
	EndGlobalSection
	GlobalSection(SolutionProperties) = preSolution
		HideSolutionNode = FALSE
	EndGlobalSection
EndGlobal
